
Microsoft Visual Studio Solution File, Format Version 12.00
Project("{FAE04EC0-301F-11D3-BF4B-00C04F79EFBC}") = "BlightWeaponry", "BlightWeaponry.csproj", "{D81C6FAF-4763-496B-8EB4-CFF7C18BBE07}"
EndProject
Global
	GlobalSection(SolutionConfigurationPlatforms) = preSolution
		Debug|Any CPU = Debug|Any CPU
		Release|Any CPU = Release|Any CPU
	EndGlobalSection
	GlobalSection(ProjectConfigurationPlatforms) = postSolution
		{D81C6FAF-4763-496B-8EB4-CFF7C18BBE07}.Debug|Any CPU.ActiveCfg = Debug|Any CPU
		{D81C6FAF-4763-496B-8EB4-CFF7C18BBE07}.Debug|Any CPU.Build.0 = Debug|Any CPU
		{D81C6FAF-4763-496B-8EB4-CFF7C18BBE07}.Release|Any CPU.ActiveCfg = Release|Any CPU
		{D81C6FAF-4763-496B-8EB4-CFF7C18BBE07}.Release|Any CPU.Build.0 = Release|Any CPU
	EndGlobalSection
EndGlobal
